
Microsoft Visual Studio Solution File, Format Version 12.00
# Visual Studio Version 17
VisualStudioVersion = 17.9.34622.214
MinimumVisualStudioVersion = 10.0.40219.1
Project("{9A19103F-16F7-4668-BE54-9A1E7A4F7556}") = "Day2_Sample", "Day2_Sample\Day2_Sample.csproj", "{958B7675-D936-420E-A151-8FD58D37A6F9}"
EndProject
Project("{FAE04EC0-301F-11D3-BF4B-00C04F79EFBC}") = "Observer", "Observer\Observer.csproj", "{B9D29DBE-5EFF-425C-ABB7-2052D0ED8557}"
EndProject
Project("{FAE04EC0-301F-11D3-BF4B-00C04F79EFBC}") = "AbstractFactory", "AbstractFactory\AbstractFactory.csproj", "{3AF61641-F53D-48EE-B9E5-1AC466B7AD55}"
EndProject
Project("{FAE04EC0-301F-11D3-BF4B-00C04F79EFBC}") = "Strategy", "Strategy\Strategy.csproj", "{361DF490-C16B-41AE-9342-4FFF5E885380}"
EndProject
Global
	GlobalSection(SolutionConfigurationPlatforms) = preSolution
		Debug|Any CPU = Debug|Any CPU
		Release|Any CPU = Release|Any CPU
	EndGlobalSection
	GlobalSection(ProjectConfigurationPlatforms) = postSolution
		{958B7675-D936-420E-A151-8FD58D37A6F9}.Debug|Any CPU.ActiveCfg = Debug|Any CPU
		{958B7675-D936-420E-A151-8FD58D37A6F9}.Debug|Any CPU.Build.0 = Debug|Any CPU
		{958B7675-D936-420E-A151-8FD58D37A6F9}.Release|Any CPU.ActiveCfg = Release|Any CPU
		{958B7675-D936-420E-A151-8FD58D37A6F9}.Release|Any CPU.Build.0 = Release|Any CPU
		{B9D29DBE-5EFF-425C-ABB7-2052D0ED8557}.Debug|Any CPU.ActiveCfg = Debug|Any CPU
		{B9D29DBE-5EFF-425C-ABB7-2052D0ED8557}.Debug|Any CPU.Build.0 = Debug|Any CPU
		{B9D29DBE-5EFF-425C-ABB7-2052D0ED8557}.Release|Any CPU.ActiveCfg = Release|Any CPU
		{B9D29DBE-5EFF-425C-ABB7-2052D0ED8557}.Release|Any CPU.Build.0 = Release|Any CPU
		{3AF61641-F53D-48EE-B9E5-1AC466B7AD55}.Debug|Any CPU.ActiveCfg = Debug|Any CPU
		{3AF61641-F53D-48EE-B9E5-1AC466B7AD55}.Debug|Any CPU.Build.0 = Debug|Any CPU
		{3AF61641-F53D-48EE-B9E5-1AC466B7AD55}.Release|Any CPU.ActiveCfg = Release|Any CPU
		{3AF61641-F53D-48EE-B9E5-1AC466B7AD55}.Release|Any CPU.Build.0 = Release|Any CPU
		{361DF490-C16B-41AE-9342-4FFF5E885380}.Debug|Any CPU.ActiveCfg = Debug|Any CPU
		{361DF490-C16B-41AE-9342-4FFF5E885380}.Debug|Any CPU.Build.0 = Debug|Any CPU
		{361DF490-C16B-41AE-9342-4FFF5E885380}.Release|Any CPU.ActiveCfg = Release|Any CPU
		{361DF490-C16B-41AE-9342-4FFF5E885380}.Release|Any CPU.Build.0 = Release|Any CPU
	EndGlobalSection
	GlobalSection(SolutionProperties) = preSolution
		HideSolutionNode = FALSE
	EndGlobalSection
	GlobalSection(ExtensibilityGlobals) = postSolution
		SolutionGuid = {703A53E2-59DE-48CB-82DD-25D212750509}
	EndGlobalSection
EndGlobal
